
Microsoft Visual Studio Solution File, Format Version 12.00
# Visual Studio 15
VisualStudioVersion = 15.0.28307.421
MinimumVisualStudioVersion = 10.0.40219.1
Project("{FAE04EC0-301F-11D3-BF4B-00C04F79EFBC}") = "Alturos.ImageAnnotation", "Alturos.ImageAnnotation\Alturos.ImageAnnotation.csproj", "{C24A4E37-D493-4B84-934C-1F78D66A3EBB}"
EndProject
Global
	GlobalSection(SolutionConfigurationPlatforms) = preSolution
		Debug|Any CPU = Debug|Any CPU
		Release|Any CPU = Release|Any CPU
	EndGlobalSection
	GlobalSection(ProjectConfigurationPlatforms) = postSolution
		{C24A4E37-D493-4B84-934C-1F78D66A3EBB}.Debug|Any CPU.ActiveCfg = Debug|Any CPU
		{C24A4E37-D493-4B84-934C-1F78D66A3EBB}.Debug|Any CPU.Build.0 = Debug|Any CPU
		{C24A4E37-D493-4B84-934C-1F78D66A3EBB}.Release|Any CPU.ActiveCfg = Release|Any CPU
		{C24A4E37-D493-4B84-934C-1F78D66A3EBB}.Release|Any CPU.Build.0 = Release|Any CPU
	EndGlobalSection
	GlobalSection(SolutionProperties) = preSolution
		HideSolutionNode = FALSE
	EndGlobalSection
	GlobalSection(ExtensibilityGlobals) = postSolution
		SolutionGuid = {3A2E4D32-1DD7-4D3C-86C8-01233E343597}
	EndGlobalSection
EndGlobal
